// !$*UTF8*$!
{
	archiveVersion = 1;
	classes = {
	};
	objectVersion = 46;
	objects = {

/* Begin PBXBuildFile section */
		951743C81C9085E400A4E190 /* AppDelegate.swift in Sources */ = {isa = PBXBuildFile; fileRef = 951743C71C9085E400A4E190 /* AppDelegate.swift */; };
		951743CA1C9085E400A4E190 /* ViewController.swift in Sources */ = {isa = PBXBuildFile; fileRef = 951743C91C9085E400A4E190 /* ViewController.swift */; };
		951743CD1C9085E400A4E190 /* Main.storyboard in Resources */ = {isa = PBXBuildFile; fileRef = 951743CB1C9085E400A4E190 /* Main.storyboard */; };
		951743CF1C9085E400A4E190 /* Images.xcassets in Resources */ = {isa = PBXBuildFile; fileRef = 951743CE1C9085E400A4E190 /* Images.xcassets */; };
		951743D21C9085E400A4E190 /* LaunchScreen.xib in Resources */ = {isa = PBXBuildFile; fileRef = 951743D01C9085E400A4E190 /* LaunchScreen.xib */; };
		951743DE1C9085E400A4E190 /* tapperTests.swift in Sources */ = {isa = PBXBuildFile; fileRef = 951743DD1C9085E400A4E190 /* tapperTests.swift */; };
/* End PBXBuildFile section */

/* Begin PBXContainerItemProxy section */
		951743D81C9085E400A4E190 /* PBXContainerItemProxy */ = {
			isa = PBXContainerItemProxy;
			containerPortal = 951743BA1C9085E400A4E190 /* Project object */;
			proxyType = 1;
			remoteGlobalIDString = 951743C11C9085E400A4E190;
			remoteInfo = tapper;
		};
/* End PBXContainerItemProxy section */

/* Begin PBXFileReference section */
		951743C21C9085E400A4E190 /* tapper.app */ = {isa = PBXFileReference; explicitFileType = wrapper.application; includeInIndex = 0; path = tapper.app; sourceTree = BUILT_PRODUCTS_DIR; };
		951743C61C9085E400A4E190 /* Info.plist */ = {isa = PBXFileReference; lastKnownFileType = text.plist.xml; path = Info.plist; sourceTree = "<group>"; };
		951743C71C9085E400A4E190 /* AppDelegate.swift */ = {isa = PBXFileReference; lastKnownFileType = sourcecode.swift; path = AppDelegate.swift; sourceTree = "<group>"; };
		951743C91C9085E400A4E190 /* ViewController.swift */ = {isa = PBXFileReference; lastKnownFileType = sourcecode.swift; path = ViewController.swift; sourceTree = "<group>"; };
		951743CC1C9085E400A4E190 /* Base */ = {isa = PBXFileReference; lastKnownFileType = file.storyboard; name = Base; path = Base.lproj/Main.storyboard; sourceTree = "<group>"; };
		951743CE1C9085E400A4E190 /* Images.xcassets */ = {isa = PBXFileReference; lastKnownFileType = folder.assetcatalog; path = Images.xcassets; sourceTree = "<group>"; };
		951743D11C9085E400A4E190 /* Base */ = {isa = PBXFileReference; lastKnownFileType = file.xib; name = Base; path = Base.lproj/LaunchScreen.xib; sourceTree = "<group>"; };
		951743D71C9085E400A4E190 /* tapperTests.xctest */ = {isa = PBXFileReference; explicitFileType = wrapper.cfbundle; includeInIndex = 0; path = tapperTests.xctest; sourceTree = BUILT_PRODUCTS_DIR; };
		951743DC1C9085E400A4E190 /* Info.plist */ = {isa = PBXFileReference; lastKnownFileType = text.plist.xml; path = Info.plist; sourceTree = "<group>"; };
		951743DD1C9085E400A4E190 /* tapperTests.swift */ = {isa = PBXFileReference; lastKnownFileType = sourcecode.swift; path = tapperTests.swift; sourceTree = "<group>"; };
/* End PBXFileReference section */

/* Begin PBXFrameworksBuildPhase section */
		951743BF1C9085E400A4E190 /* Frameworks */ = {
			isa = PBXFrameworksBuildPhase;
			buildActionMask = 2147483647;
			files = (
			);
			runOnlyForDeploymentPostprocessing = 0;
		};
		951743D41C9085E400A4E190 /* Frameworks */ = {
			isa = PBXFrameworksBuildPhase;
			buildActionMask = 2147483647;
			files = (
			);
			runOnlyForDeploymentPostprocessing = 0;
		};
/* End PBXFrameworksBuildPhase section */

/* Begin PBXGroup section */
		951743B91C9085E400A4E190 = {
			isa = PBXGroup;
			children = (
				951743C41C9085E400A4E190 /* tapper */,
				951743DA1C9085E400A4E190 /* tapperTests */,
				951743C31C9085E400A4E190 /* Products */,
			);
			sourceTree = "<group>";
		};
		951743C31C9085E400A4E190 /* Products */ = {
			isa = PBXGroup;
			children = (
				951743C21C9085E400A4E190 /* tapper.app */,
				951743D71C9085E400A4E190 /* tapperTests.xctest */,
			);
			name = Products;
			sourceTree = "<group>";
		};
		951743C41C9085E400A4E190 /* tapper */ = {
			isa = PBXGroup;
			children = (
				951743C71C9085E400A4E190 /* AppDelegate.swift */,
				951743C91C9085E400A4E190 /* ViewController.swift */,
				951743CB1C9085E400A4E190 /* Main.storyboard */,
				951743CE1C9085E400A4E190 /* Images.xcassets */,
				951743D01C9085E400A4E190 /* LaunchScreen.xib */,
				951743C51C9085E400A4E190 /* Supporting Files */,
			);
			path = tapper;
			sourceTree = "<group>";
		};
		951743C51C9085E400A4E190 /* Supporting Files */ = {
			isa = PBXGroup;
			children = (
				951743C61C9085E400A4E190 /* Info.plist */,
			);
			name = "Supporting Files";
			sourceTree = "<group>";
		};
		951743DA1C9085E400A4E190 /* tapperTests */ = {
			isa = PBXGroup;
			children = (
				951743DD1C9085E400A4E190 /* tapperTests.swift */,
				951743DB1C9085E400A4E190 /* Supporting Files */,
			);
			path = tapperTests;
			sourceTree = "<group>";
		};
		951743DB1C9085E400A4E190 /* Supporting Files */ = {
			isa = PBXGroup;
			children = (
				951743DC1C9085E400A4E190 /* Info.plist */,
			);
			name = "Supporting Files";
			sourceTree = "<group>";
		};
/* End PBXGroup section */

/* Begin PBXNativeTarget section */
		951743C11C9085E400A4E190 /* tapper */ = {
			isa = PBXNativeTarget;
			buildConfigurationList = 951743E11C9085E400A4E190 /* Build configuration list for PBXNativeTarget "tapper" */;
			buildPhases = (
				951743BE1C9085E400A4E190 /* Sources */,
				951743BF1C9085E400A4E190 /* Frameworks */,
				951743C01C9085E400A4E190 /* Resources */,
			);
			buildRules = (
			);
			dependencies = (
			);
			name = tapper;
			productName = tapper;
			productReference = 951743C21C9085E400A4E190 /* tapper.app */;
			productType = "com.apple.product-type.application";
		};
		951743D61C9085E400A4E190 /* tapperTests */ = {
			isa = PBXNativeTarget;
			buildConfigurationList = 951743E41C9085E400A4E190 /* Build configuration list for PBXNativeTarget "tapperTests" */;
			buildPhases = (
				951743D31C9085E400A4E190 /* Sources */,
				951743D41C9085E400A4E190 /* Frameworks */,
				951743D51C9085E400A4E190 /* Resources */,
			);
			buildRules = (
			);
			dependencies = (
				951743D91C9085E400A4E190 /* PBXTargetDependency */,
			);
			name = tapperTests;
			productName = tapperTests;
			productReference = 951743D71C9085E400A4E190 /* tapperTests.xctest */;
			productType = "com.apple.product-type.bundle.unit-test";
		};
/* End PBXNativeTarget section */

/* Begin PBXProject section */
		951743BA1C9085E400A4E190 /* Project object */ = {
			isa = PBXProject;
			attributes = {
				LastUpgradeCheck = 0640;
				ORGANIZATIONNAME = "Jack Hider";
				TargetAttributes = {
					951743C11C9085E400A4E190 = {
						CreatedOnToolsVersion = 6.4;
					};
					951743D61C9085E400A4E190 = {
						CreatedOnToolsVersion = 6.4;
						TestTargetID = 951743C11C9085E400A4E190;
					};
				};
			};
			buildConfigurationList = 951743BD1C9085E400A4E190 /* Build configuration list for PBXProject "tapper" */;
			compatibilityVersion = "Xcode 3.2";
			developmentRegion = English;
			hasScannedForEncodings = 0;
			knownRegions = (
				en,
				Base,
			);
			mainGroup = 951743B91C9085E400A4E190;
			productRefGroup = 951743C31C9085E400A4E190 /* Products */;
			projectDirPath = "";
			projectRoot = "";
			targets = (
				951743C11C9085E400A4E190 /* tapper */,
				951743D61C9085E400A4E190 /* tapperTests */,
			);
		};
/* End PBXProject section */

/* Begin PBXResourcesBuildPhase section */
		951743C01C9085E400A4E190 /* Resources */ = {
			isa = PBXResourcesBuildPhase;
			buildActionMask = 2147483647;
			files = (
				951743CD1C9085E400A4E190 /* Main.storyboard in Resources */,
				951743D21C9085E400A4E190 /* LaunchScreen.xib in Resources */,
				951743CF1C9085E400A4E190 /* Images.xcassets in Resources */,
			);
			runOnlyForDeploymentPostprocessing = 0;
		};
		951743D51C9085E400A4E190 /* Resources */ = {
			isa = PBXResourcesBuildPhase;
			buildActionMask = 2147483647;
			files = (
			);
			runOnlyForDeploymentPostprocessing = 0;
		};
/* End PBXResourcesBuildPhase section */

/* Begin PBXSourcesBuildPhase section */
		951743BE1C9085E400A4E190 /* Sources */ = {
			isa = PBXSourcesBuildPhase;
			buildActionMask = 2147483647;
			files = (
				951743CA1C9085E400A4E190 /* ViewController.swift in Sources */,
				951743C81C9085E400A4E190 /* AppDelegate.swift in Sources */,
			);
			runOnlyForDeploymentPostprocessing = 0;
		};
		951743D31C9085E400A4E190 /* Sources */ = {
			isa = PBXSourcesBuildPhase;
			buildActionMask = 2147483647;
			files = (
				951743DE1C9085E400A4E190 /* tapperTests.swift in Sources */,
			);
			runOnlyForDeploymentPostprocessing = 0;
		};
/* End PBXSourcesBuildPhase section */

/* Begin PBXTargetDependency section */
		951743D91C9085E400A4E190 /* PBXTargetDependency */ = {
			isa = PBXTargetDependency;
			target = 951743C11C9085E400A4E190 /* tapper */;
			targetProxy = 951743D81C9085E400A4E190 /* PBXContainerItemProxy */;
		};
/* End PBXTargetDependency section */

/* Begin PBXVariantGroup section */
		951743CB1C9085E400A4E190 /* Main.storyboard */ = {
			isa = PBXVariantGroup;
			children = (
				951743CC1C9085E400A4E190 /* Base */,
			);
			name = Main.storyboard;
			sourceTree = "<group>";
		};
		951743D01C9085E400A4E190 /* LaunchScreen.xib */ = {
			isa = PBXVariantGroup;
			children = (
				951743D11C9085E400A4E190 /* Base */,
			);
			name = LaunchScreen.xib;
			sourceTree = "<group>";
		};
/* End PBXVariantGroup section */

/* Begin XCBuildConfiguration section */
		951743DF1C9085E400A4E190 /* Debug */ = {
			isa = XCBuildConfiguration;
			buildSettings = {
				ALWAYS_SEARCH_USER_PATHS = NO;
				CLANG_CXX_LANGUAGE_STANDARD = "gnu++0x";
				CLANG_CXX_LIBRARY = "libc++";
				CLANG_ENABLE_MODULES = YES;
				CLANG_ENABLE_OBJC_ARC = YES;
				CLANG_WARN_BOOL_CONVERSION = YES;
				CLANG_WARN_CONSTANT_CONVERSION = YES;
				CLANG_WARN_DIRECT_OBJC_ISA_USAGE = YES_ERROR;
				CLANG_WARN_EMPTY_BODY = YES;
				CLANG_WARN_ENUM_CONVERSION = YES;
				CLANG_WARN_INT_CONVERSION = YES;
				CLANG_WARN_OBJC_ROOT_CLASS = YES_ERROR;
				CLANG_WARN_UNREACHABLE_CODE = YES;
				CLANG_WARN__DUPLICATE_METHOD_MATCH = YES;
				"CODE_SIGN_IDENTITY[sdk=iphoneos*]" = "iPhone Developer";
				COPY_PHASE_STRIP = NO;
				DEBUG_INFORMATION_FORMAT = "dwarf-with-dsym";
				ENABLE_STRICT_OBJC_MSGSEND = YES;
				GCC_C_LANGUAGE_STANDARD = gnu99;
				GCC_DYNAMIC_NO_PIC = NO;
				GCC_NO_COMMON_BLOCKS = YES;
				GCC_OPTIMIZATION_LEVEL = 0;
				GCC_PREPROCESSOR_DEFINITIONS = (
					"DEBUG=1",
					"$(inherited)",
				);
				GCC_SYMBOLS_PRIVATE_EXTERN = NO;
				GCC_WARN_64_TO_32_BIT_CONVERSION = YES;
				GCC_WARN_ABOUT_RETURN_TYPE = YES_ERROR;
				GCC_WARN_UNDECLARED_SELECTOR = YES;
				GCC_WARN_UNINITIALIZED_AUTOS = YES_AGGRESSIVE;
				GCC_WARN_UNUSED_FUNCTION = YES;
				GCC_WARN_UNUSED_VARIABLE = YES;
				IPHONEOS_DEPLOYMENT_TARGET = 8.4;
				MTL_ENABLE_DEBUG_INFO = YES;
				ONLY_ACTIVE_ARCH = YES;
				SDKROOT = iphoneos;
				SWIFT_OPTIMIZATION_LEVEL = "-Onone";
			};
			name = Debug;
		};
		951743E01C9085E400A4E190 /* Release */ = {
			isa = XCBuildConfiguration;
			buildSettings = {
				ALWAYS_SEARCH_USER_PATHS = NO;
				CLANG_CXX_LANGUAGE_STANDARD = "gnu++0x";
				CLANG_CXX_LIBRARY = "libc++";
				CLANG_ENABLE_MODULES = YES;
				CLANG_ENABLE_OBJC_ARC = YES;
				CLANG_WARN_BOOL_CONVERSION = YES;
				CLANG_WARN_CONSTANT_CONVERSION = YES;
				CLANG_WARN_DIRECT_OBJC_ISA_USAGE = YES_ERROR;
				CLANG_WARN_EMPTY_BODY = YES;
				CLANG_WARN_ENUM_CONVERSION = YES;
				CLANG_WARN_INT_CONVERSION = YES;
				CLANG_WARN_OBJC_ROOT_CLASS = YES_ERROR;
				CLANG_WARN_UNREACHABLE_CODE = YES;
				CLANG_WARN__DUPLICATE_METHOD_MATCH = YES;
				"CODE_SIGN_IDENTITY[sdk=iphoneos*]" = "iPhone Developer";
				COPY_PHASE_STRIP = NO;
				DEBUG_INFORMATION_FORMAT = "dwarf-with-dsym";
				ENABLE_NS_ASSERTIONS = NO;
				ENABLE_STRICT_OBJC_MSGSEND = YES;
				GCC_C_LANGUAGE_STANDARD = gnu99;
				GCC_NO_COMMON_BLOCKS = YES;
				GCC_WARN_64_TO_32_BIT_CONVERSION = YES;
				GCC_WARN_ABOUT_RETURN_TYPE = YES_ERROR;
				GCC_WARN_UNDECLARED_SELECTOR = YES;
				GCC_WARN_UNINITIALIZED_AUTOS = YES_AGGRESSIVE;
				GCC_WARN_UNUSED_FUNCTION = YES;
				GCC_WARN_UNUSED_VARIABLE = YES;
				IPHONEOS_DEPLOYMENT_TARGET = 8.4;
				MTL_ENABLE_DEBUG_INFO = NO;
				SDKROOT = iphoneos;
				VALIDATE_PRODUCT = YES;
			};
			name = Release;
		};
		951743E21C9085E400A4E190 /* Debug */ = {
			isa = XCBuildConfiguration;
			buildSettings = {
				ASSETCATALOG_COMPILER_APPICON_NAME = AppIcon;
				INFOPLIST_FILE = tapper/Info.plist;
				LD_RUNPATH_SEARCH_PATHS = "$(inherited) @executable_path/Frameworks";
				PRODUCT_NAME = "$(TARGET_NAME)";
			};
			name = Debug;
		};
		951743E31C9085E400A4E190 /* Release */ = {
			isa = XCBuildConfiguration;
			buildSettings = {
				ASSETCATALOG_COMPILER_APPICON_NAME = AppIcon;
				INFOPLIST_FILE = tapper/Info.plist;
				LD_RUNPATH_SEARCH_PATHS = "$(inherited) @executable_path/Frameworks";
				PRODUCT_NAME = "$(TARGET_NAME)";
			};
			name = Release;
		};
		951743E51C9085E400A4E190 /* Debug */ = {
			isa = XCBuildConfiguration;
			buildSettings = {
				BUNDLE_LOADER = "$(TEST_HOST)";
				FRAMEWORK_SEARCH_PATHS = (
					"$(SDKROOT)/Developer/Library/Frameworks",
					"$(inherited)",
				);
				GCC_PREPROCESSOR_DEFINITIONS = (
					"DEBUG=1",
					"$(inherited)",
				);
				INFOPLIST_FILE = tapperTests/Info.plist;
				LD_RUNPATH_SEARCH_PATHS = "$(inherited) @executable_path/Frameworks @loader_path/Frameworks";
				PRODUCT_NAME = "$(TARGET_NAME)";
				TEST_HOST = "$(BUILT_PRODUCTS_DIR)/tapper.app/tapper";
			};
			name = Debug;
		};
		951743E61C9085E400A4E190 /* Release */ = {
			isa = XCBuildConfiguration;
			buildSettings = {
				BUNDLE_LOADER = "$(TEST_HOST)";
				FRAMEWORK_SEARCH_PATHS = (
					"$(SDKROOT)/Developer/Library/Frameworks",
					"$(inherited)",
				);
				INFOPLIST_FILE = tapperTests/Info.plist;
				LD_RUNPATH_SEARCH_PATHS = "$(inherited) @executable_path/Frameworks @loader_path/Frameworks";
				PRODUCT_NAME = "$(TARGET_NAME)";
				TEST_HOST = "$(BUILT_PRODUCTS_DIR)/tapper.app/tapper";
			};
			name = Release;
		};
/* End XCBuildConfiguration section */

/* Begin XCConfigurationList section */
		951743BD1C9085E400A4E190 /* Build configuration list for PBXProject "tapper" */ = {
			isa = XCConfigurationList;
			buildConfigurations = (
				951743DF1C9085E400A4E190 /* Debug */,
				951743E01C9085E400A4E190 /* Release */,
			);
			defaultConfigurationIsVisible = 0;
			defaultConfigurationName = Release;
		};
		951743E11C9085E400A4E190 /* Build configuration list for PBXNativeTarget "tapper" */ = {
			isa = XCConfigurationList;
			buildConfigurations = (
				951743E21C9085E400A4E190 /* Debug */,
				951743E31C9085E400A4E190 /* Release */,
			);
			defaultConfigurationIsVisible = 0;
		};
		951743E41C9085E400A4E190 /* Build configuration list for PBXNativeTarget "tapperTests" */ = {
			isa = XCConfigurationList;
			buildConfigurations = (
				951743E51C9085E400A4E190 /* Debug */,
				951743E61C9085E400A4E190 /* Release */,
			);
			defaultConfigurationIsVisible = 0;
		};
/* End XCConfigurationList section */
	};
	rootObject = 951743BA1C9085E400A4E190 /* Project object */;
}
